
Microsoft Visual Studio Solution File, Format Version 12.00
# Visual Studio 15
VisualStudioVersion = 15.0.27428.2015
MinimumVisualStudioVersion = 10.0.40219.1
Project("{FAE04EC0-301F-11D3-BF4B-00C04F79EFBC}") = "Validations", "Data\Validations.csproj", "{4B0156CA-4E50-4AE8-8916-F8CFB0342896}"
EndProject
Global
	GlobalSection(SolutionConfigurationPlatforms) = preSolution
		Debug|Any CPU = Debug|Any CPU
		Release|Any CPU = Release|Any CPU
	EndGlobalSection
	GlobalSection(ProjectConfigurationPlatforms) = postSolution
		{4B0156CA-4E50-4AE8-8916-F8CFB0342896}.Debug|Any CPU.ActiveCfg = Debug|Any CPU
		{4B0156CA-4E50-4AE8-8916-F8CFB0342896}.Debug|Any CPU.Build.0 = Debug|Any CPU
		{4B0156CA-4E50-4AE8-8916-F8CFB0342896}.Release|Any CPU.ActiveCfg = Release|Any CPU
		{4B0156CA-4E50-4AE8-8916-F8CFB0342896}.Release|Any CPU.Build.0 = Release|Any CPU
	EndGlobalSection
	GlobalSection(SolutionProperties) = preSolution
		HideSolutionNode = FALSE
	EndGlobalSection
	GlobalSection(ExtensibilityGlobals) = postSolution
		SolutionGuid = {475CF751-D514-477E-AF62-021B2AE4CA8A}
	EndGlobalSection
EndGlobal
